
Microsoft Visual Studio Solution File, Format Version 12.00
# Visual Studio Version 16
VisualStudioVersion = 16.0.31313.79
MinimumVisualStudioVersion = 10.0.40219.1
Project("{9A19103F-16F7-4668-BE54-9A1E7A4F7556}") = "YotorAspNetCoreApi", "YotorAspNetCoreApi\YotorAspNetCoreApi.csproj", "{54B56709-AFCA-4C8B-B325-DBED915469E9}"
EndProject
Project("{9A19103F-16F7-4668-BE54-9A1E7A4F7556}") = "YotorAspNetCoreApiResources", "YotorAspNetCoreApiResources\YotorAspNetCoreApiResources.csproj", "{F8D7257B-D80B-4B8E-B7FE-EBD918614981}"
EndProject
Project("{FAE04EC0-301F-11D3-BF4B-00C04F79EFBC}") = "YotorContext", "YotorContext\YotorContext.csproj", "{0065C96D-C372-42C7-9F32-6F85E0B0326F}"
EndProject
Project("{FAE04EC0-301F-11D3-BF4B-00C04F79EFBC}") = "BLL", "BLL\BLL.csproj", "{19258BC9-2B6D-4C78-84A8-AB45C572EFBB}"
EndProject
Global
	GlobalSection(SolutionConfigurationPlatforms) = preSolution
		Debug|Any CPU = Debug|Any CPU
		Release|Any CPU = Release|Any CPU
	EndGlobalSection
	GlobalSection(ProjectConfigurationPlatforms) = postSolution
		{54B56709-AFCA-4C8B-B325-DBED915469E9}.Debug|Any CPU.ActiveCfg = Debug|Any CPU
		{54B56709-AFCA-4C8B-B325-DBED915469E9}.Debug|Any CPU.Build.0 = Debug|Any CPU
		{54B56709-AFCA-4C8B-B325-DBED915469E9}.Release|Any CPU.ActiveCfg = Release|Any CPU
		{54B56709-AFCA-4C8B-B325-DBED915469E9}.Release|Any CPU.Build.0 = Release|Any CPU
		{F8D7257B-D80B-4B8E-B7FE-EBD918614981}.Debug|Any CPU.ActiveCfg = Debug|Any CPU
		{F8D7257B-D80B-4B8E-B7FE-EBD918614981}.Debug|Any CPU.Build.0 = Debug|Any CPU
		{F8D7257B-D80B-4B8E-B7FE-EBD918614981}.Release|Any CPU.ActiveCfg = Release|Any CPU
		{F8D7257B-D80B-4B8E-B7FE-EBD918614981}.Release|Any CPU.Build.0 = Release|Any CPU
		{0065C96D-C372-42C7-9F32-6F85E0B0326F}.Debug|Any CPU.ActiveCfg = Debug|Any CPU
		{0065C96D-C372-42C7-9F32-6F85E0B0326F}.Debug|Any CPU.Build.0 = Debug|Any CPU
		{0065C96D-C372-42C7-9F32-6F85E0B0326F}.Release|Any CPU.ActiveCfg = Release|Any CPU
		{0065C96D-C372-42C7-9F32-6F85E0B0326F}.Release|Any CPU.Build.0 = Release|Any CPU
		{19258BC9-2B6D-4C78-84A8-AB45C572EFBB}.Debug|Any CPU.ActiveCfg = Debug|Any CPU
		{19258BC9-2B6D-4C78-84A8-AB45C572EFBB}.Debug|Any CPU.Build.0 = Debug|Any CPU
		{19258BC9-2B6D-4C78-84A8-AB45C572EFBB}.Release|Any CPU.ActiveCfg = Release|Any CPU
		{19258BC9-2B6D-4C78-84A8-AB45C572EFBB}.Release|Any CPU.Build.0 = Release|Any CPU
	EndGlobalSection
	GlobalSection(SolutionProperties) = preSolution
		HideSolutionNode = FALSE
	EndGlobalSection
	GlobalSection(ExtensibilityGlobals) = postSolution
		SolutionGuid = {61DB4A84-B281-4CF6-BC17-A8F28A33BBFE}
	EndGlobalSection
EndGlobal
